
Microsoft Visual Studio Solution File, Format Version 12.00
# Visual Studio Version 17
VisualStudioVersion = 17.9.34310.174
MinimumVisualStudioVersion = 10.0.40219.1
Project("{FAE04EC0-301F-11D3-BF4B-00C04F79EFBC}") = "Win Forms App Practice 01", "Win Forms App Practice 01\Win Forms App Practice 01.csproj", "{237F215A-2D05-40C7-A137-ED8A838D9FE0}"
EndProject
Global
	GlobalSection(SolutionConfigurationPlatforms) = preSolution
		Debug|Any CPU = Debug|Any CPU
		Release|Any CPU = Release|Any CPU
	EndGlobalSection
	GlobalSection(ProjectConfigurationPlatforms) = postSolution
		{237F215A-2D05-40C7-A137-ED8A838D9FE0}.Debug|Any CPU.ActiveCfg = Debug|Any CPU
		{237F215A-2D05-40C7-A137-ED8A838D9FE0}.Debug|Any CPU.Build.0 = Debug|Any CPU
		{237F215A-2D05-40C7-A137-ED8A838D9FE0}.Release|Any CPU.ActiveCfg = Release|Any CPU
		{237F215A-2D05-40C7-A137-ED8A838D9FE0}.Release|Any CPU.Build.0 = Release|Any CPU
	EndGlobalSection
	GlobalSection(SolutionProperties) = preSolution
		HideSolutionNode = FALSE
	EndGlobalSection
	GlobalSection(ExtensibilityGlobals) = postSolution
		SolutionGuid = {D11422FE-F837-4BC3-AB24-79266CE00204}
	EndGlobalSection
EndGlobal
